
Microsoft Visual Studio Solution File, Format Version 12.00
# Visual Studio Version 17
VisualStudioVersion = 17.2.32519.379
MinimumVisualStudioVersion = 10.0.40219.1
Project("{8BC9CEB8-8B4A-11D0-8D11-00A0C91BC942}") = "PR4.2 OOP", "PR4.2 OOP\PR4.2 OOP.vcxproj", "{03C8BEDD-7BCD-445F-8D7D-F3DCD5736FE2}"
EndProject
Project("{8BC9CEB8-8B4A-11D0-8D11-00A0C91BC942}") = "UnitTest1", "UnitTest1\UnitTest1.vcxproj", "{CF1D375D-1F09-4D13-BA70-DB03B92684D5}"
EndProject
Global
	GlobalSection(SolutionConfigurationPlatforms) = preSolution
		Debug|x64 = Debug|x64
		Debug|x86 = Debug|x86
		Release|x64 = Release|x64
		Release|x86 = Release|x86
	EndGlobalSection
	GlobalSection(ProjectConfigurationPlatforms) = postSolution
		{03C8BEDD-7BCD-445F-8D7D-F3DCD5736FE2}.Debug|x64.ActiveCfg = Debug|x64
		{03C8BEDD-7BCD-445F-8D7D-F3DCD5736FE2}.Debug|x64.Build.0 = Debug|x64
		{03C8BEDD-7BCD-445F-8D7D-F3DCD5736FE2}.Debug|x86.ActiveCfg = Debug|Win32
		{03C8BEDD-7BCD-445F-8D7D-F3DCD5736FE2}.Debug|x86.Build.0 = Debug|Win32
		{03C8BEDD-7BCD-445F-8D7D-F3DCD5736FE2}.Release|x64.ActiveCfg = Release|x64
		{03C8BEDD-7BCD-445F-8D7D-F3DCD5736FE2}.Release|x64.Build.0 = Release|x64
		{03C8BEDD-7BCD-445F-8D7D-F3DCD5736FE2}.Release|x86.ActiveCfg = Release|Win32
		{03C8BEDD-7BCD-445F-8D7D-F3DCD5736FE2}.Release|x86.Build.0 = Release|Win32
		{CF1D375D-1F09-4D13-BA70-DB03B92684D5}.Debug|x64.ActiveCfg = Debug|x64
		{CF1D375D-1F09-4D13-BA70-DB03B92684D5}.Debug|x64.Build.0 = Debug|x64
		{CF1D375D-1F09-4D13-BA70-DB03B92684D5}.Debug|x86.ActiveCfg = Debug|Win32
		{CF1D375D-1F09-4D13-BA70-DB03B92684D5}.Debug|x86.Build.0 = Debug|Win32
		{CF1D375D-1F09-4D13-BA70-DB03B92684D5}.Release|x64.ActiveCfg = Release|x64
		{CF1D375D-1F09-4D13-BA70-DB03B92684D5}.Release|x64.Build.0 = Release|x64
		{CF1D375D-1F09-4D13-BA70-DB03B92684D5}.Release|x86.ActiveCfg = Release|Win32
		{CF1D375D-1F09-4D13-BA70-DB03B92684D5}.Release|x86.Build.0 = Release|Win32
	EndGlobalSection
	GlobalSection(SolutionProperties) = preSolution
		HideSolutionNode = FALSE
	EndGlobalSection
	GlobalSection(ExtensibilityGlobals) = postSolution
		SolutionGuid = {5C74DFC2-357B-4E3A-ABE5-C3E43B2EC563}
	EndGlobalSection
EndGlobal
